
Microsoft Visual Studio Solution File, Format Version 12.00
# Visual Studio 15
VisualStudioVersion = 15.0.28010.2003
MinimumVisualStudioVersion = 10.0.40219.1
Project("{FAE04EC0-301F-11D3-BF4B-00C04F79EFBC}") = "CodeFirstNewDatabaseSample", "CodeFirstNewDatabaseSample\CodeFirstNewDatabaseSample.csproj", "{344071D9-AD5B-46A7-9187-AB5613B0F6D0}"
EndProject
Project("{2150E333-8FDC-42A3-9474-1A3956D46DE8}") = "Solution Items", "Solution Items", "{2815D631-F135-4F52-877F-AFE47EC81C5F}"
	ProjectSection(SolutionItems) = preProject
		Howitworks.txt = Howitworks.txt
	EndProjectSection
EndProject
Project("{FAE04EC0-301F-11D3-BF4B-00C04F79EFBC}") = "DbContextEFTutorial", "DbContext\DbContextEFTutorial.csproj", "{391D9759-011D-473D-883F-0D13D4320206}"
EndProject
Global
	GlobalSection(SolutionConfigurationPlatforms) = preSolution
		Debug|Any CPU = Debug|Any CPU
		Release|Any CPU = Release|Any CPU
	EndGlobalSection
	GlobalSection(ProjectConfigurationPlatforms) = postSolution
		{344071D9-AD5B-46A7-9187-AB5613B0F6D0}.Debug|Any CPU.ActiveCfg = Debug|Any CPU
		{344071D9-AD5B-46A7-9187-AB5613B0F6D0}.Debug|Any CPU.Build.0 = Debug|Any CPU
		{344071D9-AD5B-46A7-9187-AB5613B0F6D0}.Release|Any CPU.ActiveCfg = Release|Any CPU
		{344071D9-AD5B-46A7-9187-AB5613B0F6D0}.Release|Any CPU.Build.0 = Release|Any CPU
		{391D9759-011D-473D-883F-0D13D4320206}.Debug|Any CPU.ActiveCfg = Debug|Any CPU
		{391D9759-011D-473D-883F-0D13D4320206}.Debug|Any CPU.Build.0 = Debug|Any CPU
		{391D9759-011D-473D-883F-0D13D4320206}.Release|Any CPU.ActiveCfg = Release|Any CPU
		{391D9759-011D-473D-883F-0D13D4320206}.Release|Any CPU.Build.0 = Release|Any CPU
	EndGlobalSection
	GlobalSection(SolutionProperties) = preSolution
		HideSolutionNode = FALSE
	EndGlobalSection
	GlobalSection(ExtensibilityGlobals) = postSolution
		SolutionGuid = {DC07F1BE-EC26-45CD-B251-E8BD0786F097}
	EndGlobalSection
EndGlobal
